
Microsoft Visual Studio Solution File, Format Version 12.00
Project("{F2A71F9B-5D33-465A-A702-920D77279786}") = "shuffler", "shuffler.fsproj", "{DACA8A6D-4CD6-4430-A287-8B9656768546}"
EndProject
Global
	GlobalSection(SolutionConfigurationPlatforms) = preSolution
		Debug|Any CPU = Debug|Any CPU
		Release|Any CPU = Release|Any CPU
	EndGlobalSection
	GlobalSection(ProjectConfigurationPlatforms) = postSolution
		{DACA8A6D-4CD6-4430-A287-8B9656768546}.Debug|Any CPU.ActiveCfg = Debug|Any CPU
		{DACA8A6D-4CD6-4430-A287-8B9656768546}.Debug|Any CPU.Build.0 = Debug|Any CPU
		{DACA8A6D-4CD6-4430-A287-8B9656768546}.Release|Any CPU.ActiveCfg = Release|Any CPU
		{DACA8A6D-4CD6-4430-A287-8B9656768546}.Release|Any CPU.Build.0 = Release|Any CPU
	EndGlobalSection
EndGlobal
